{
  "name": "storrent",
  "version": "0.0.0",
  "lockfileVersion": 1,
  "requires": true,
  "dependencies": {
    "lodash-webpack-plugin": {
      "version": "0.11.4",
      "resolved": "https://registry.npmjs.org/lodash-webpack-plugin/-/lodash-webpack-plugin-0.11.4.tgz",
      "integrity": "sha1-bD7Lo9S40ktTlAtjVCcVxe08SsU=",
      "dev": true,
      "requires": {
        "lodash": "4.17.4"
      },
      "dependencies": {
        "lodash": {
          "version": "4.17.4",
          "resolved": "https://registry.npmjs.org/lodash/-/lodash-4.17.4.tgz",
          "integrity": "sha1-eCA6TRwyiuHYbcpkYONptX9AVa4=",
          "dev": true
        }
      }
    }
  }
}
